
Microsoft Visual Studio Solution File, Format Version 12.00
# Visual Studio Version 16
VisualStudioVersion = 16.0.31005.135
MinimumVisualStudioVersion = 10.0.40219.1
Project("{FAE04EC0-301F-11D3-BF4B-00C04F79EFBC}") = "PMS", "PMS\PMS.csproj", "{880161A0-A4D6-445B-B1A4-55530EACF3B5}"
EndProject
Global
	GlobalSection(SolutionConfigurationPlatforms) = preSolution
		Debug|Any CPU = Debug|Any CPU
		Release|Any CPU = Release|Any CPU
	EndGlobalSection
	GlobalSection(ProjectConfigurationPlatforms) = postSolution
		{880161A0-A4D6-445B-B1A4-55530EACF3B5}.Debug|Any CPU.ActiveCfg = Debug|Any CPU
		{880161A0-A4D6-445B-B1A4-55530EACF3B5}.Debug|Any CPU.Build.0 = Debug|Any CPU
		{880161A0-A4D6-445B-B1A4-55530EACF3B5}.Release|Any CPU.ActiveCfg = Release|Any CPU
		{880161A0-A4D6-445B-B1A4-55530EACF3B5}.Release|Any CPU.Build.0 = Release|Any CPU
	EndGlobalSection
	GlobalSection(SolutionProperties) = preSolution
		HideSolutionNode = FALSE
	EndGlobalSection
	GlobalSection(ExtensibilityGlobals) = postSolution
		SolutionGuid = {F593FEF9-349F-4502-A54C-BB5EDFF676F0}
	EndGlobalSection
EndGlobal
